
Microsoft Visual Studio Solution File, Format Version 12.00
# Visual Studio Version 16
VisualStudioVersion = 16.0.30717.126
MinimumVisualStudioVersion = 10.0.40219.1
Project("{FAE04EC0-301F-11D3-BF4B-00C04F79EFBC}") = "aula01", "aula01\aula01.csproj", "{267548CC-78A3-4701-987A-00F7A24A899A}"
EndProject
Project("{FAE04EC0-301F-11D3-BF4B-00C04F79EFBC}") = "aula02", "aula02\aula02.csproj", "{62BC6DAB-A5DB-472F-A6CF-6A1E06B77CBA}"
EndProject
Project("{FAE04EC0-301F-11D3-BF4B-00C04F79EFBC}") = "aula03", "aula03\aula03.csproj", "{A636ECBB-8785-45EE-B7F7-B0D873AF795C}"
EndProject
Project("{FAE04EC0-301F-11D3-BF4B-00C04F79EFBC}") = "aula04", "aula04\aula04.csproj", "{980923D6-FAFF-492C-BC29-A16D59289785}"
EndProject
Project("{FAE04EC0-301F-11D3-BF4B-00C04F79EFBC}") = "aula05", "aula05\aula05.csproj", "{5140BAD7-2904-484C-8063-AFBBAE928256}"
EndProject
Global
	GlobalSection(SolutionConfigurationPlatforms) = preSolution
		Debug|Any CPU = Debug|Any CPU
		Release|Any CPU = Release|Any CPU
	EndGlobalSection
	GlobalSection(ProjectConfigurationPlatforms) = postSolution
		{267548CC-78A3-4701-987A-00F7A24A899A}.Debug|Any CPU.ActiveCfg = Debug|Any CPU
		{267548CC-78A3-4701-987A-00F7A24A899A}.Debug|Any CPU.Build.0 = Debug|Any CPU
		{267548CC-78A3-4701-987A-00F7A24A899A}.Release|Any CPU.ActiveCfg = Release|Any CPU
		{267548CC-78A3-4701-987A-00F7A24A899A}.Release|Any CPU.Build.0 = Release|Any CPU
		{62BC6DAB-A5DB-472F-A6CF-6A1E06B77CBA}.Debug|Any CPU.ActiveCfg = Debug|Any CPU
		{62BC6DAB-A5DB-472F-A6CF-6A1E06B77CBA}.Debug|Any CPU.Build.0 = Debug|Any CPU
		{62BC6DAB-A5DB-472F-A6CF-6A1E06B77CBA}.Release|Any CPU.ActiveCfg = Release|Any CPU
		{62BC6DAB-A5DB-472F-A6CF-6A1E06B77CBA}.Release|Any CPU.Build.0 = Release|Any CPU
		{A636ECBB-8785-45EE-B7F7-B0D873AF795C}.Debug|Any CPU.ActiveCfg = Debug|Any CPU
		{A636ECBB-8785-45EE-B7F7-B0D873AF795C}.Debug|Any CPU.Build.0 = Debug|Any CPU
		{A636ECBB-8785-45EE-B7F7-B0D873AF795C}.Release|Any CPU.ActiveCfg = Release|Any CPU
		{A636ECBB-8785-45EE-B7F7-B0D873AF795C}.Release|Any CPU.Build.0 = Release|Any CPU
		{980923D6-FAFF-492C-BC29-A16D59289785}.Debug|Any CPU.ActiveCfg = Debug|Any CPU
		{980923D6-FAFF-492C-BC29-A16D59289785}.Debug|Any CPU.Build.0 = Debug|Any CPU
		{980923D6-FAFF-492C-BC29-A16D59289785}.Release|Any CPU.ActiveCfg = Release|Any CPU
		{980923D6-FAFF-492C-BC29-A16D59289785}.Release|Any CPU.Build.0 = Release|Any CPU
		{5140BAD7-2904-484C-8063-AFBBAE928256}.Debug|Any CPU.ActiveCfg = Debug|Any CPU
		{5140BAD7-2904-484C-8063-AFBBAE928256}.Debug|Any CPU.Build.0 = Debug|Any CPU
		{5140BAD7-2904-484C-8063-AFBBAE928256}.Release|Any CPU.ActiveCfg = Release|Any CPU
		{5140BAD7-2904-484C-8063-AFBBAE928256}.Release|Any CPU.Build.0 = Release|Any CPU
	EndGlobalSection
	GlobalSection(SolutionProperties) = preSolution
		HideSolutionNode = FALSE
	EndGlobalSection
	GlobalSection(ExtensibilityGlobals) = postSolution
		SolutionGuid = {0E1BD0C8-EAE2-44D1-8943-8CED61787A59}
	EndGlobalSection
EndGlobal
